
Microsoft Visual Studio Solution File, Format Version 11.00
# Visual Studio 2010
Project("{FAE04EC0-301F-11D3-BF4B-00C04F79EFBC}") = "Lukes-Box", "Assembly-CSharp.csproj", "{063B6008-8D39-C751-7DC1-C5787B7F94B1}"
EndProject
Global
	GlobalSection(SolutionConfigurationPlatforms) = preSolution
		Debug|Any CPU = Debug|Any CPU
		Release|Any CPU = Release|Any CPU
	EndGlobalSection
	GlobalSection(ProjectConfigurationPlatforms) = postSolution
		{063B6008-8D39-C751-7DC1-C5787B7F94B1}.Debug|Any CPU.ActiveCfg = Debug|Any CPU
		{063B6008-8D39-C751-7DC1-C5787B7F94B1}.Debug|Any CPU.Build.0 = Debug|Any CPU
		{063B6008-8D39-C751-7DC1-C5787B7F94B1}.Release|Any CPU.ActiveCfg = Release|Any CPU
		{063B6008-8D39-C751-7DC1-C5787B7F94B1}.Release|Any CPU.Build.0 = Release|Any CPU
	EndGlobalSection
	GlobalSection(SolutionProperties) = preSolution
		HideSolutionNode = FALSE
	EndGlobalSection
	GlobalSection(MonoDevelopProperties) = preSolution
		StartupItem = Assembly-CSharp.csproj
	EndGlobalSection
EndGlobal
